
Microsoft Visual Studio Solution File, Format Version 12.00
# Visual Studio Version 16
VisualStudioVersion = 16.0.30309.148
MinimumVisualStudioVersion = 10.0.40219.1
Project("{FAE04EC0-301F-11D3-BF4B-00C04F79EFBC}") = "lesson2", "lesson2\lesson2.csproj", "{FCAD43F5-A3FE-4D20-AE3C-42F467924041}"
EndProject
Global
	GlobalSection(SolutionConfigurationPlatforms) = preSolution
		Debug|Any CPU = Debug|Any CPU
		Release|Any CPU = Release|Any CPU
	EndGlobalSection
	GlobalSection(ProjectConfigurationPlatforms) = postSolution
		{FCAD43F5-A3FE-4D20-AE3C-42F467924041}.Debug|Any CPU.ActiveCfg = Debug|Any CPU
		{FCAD43F5-A3FE-4D20-AE3C-42F467924041}.Debug|Any CPU.Build.0 = Debug|Any CPU
		{FCAD43F5-A3FE-4D20-AE3C-42F467924041}.Release|Any CPU.ActiveCfg = Release|Any CPU
		{FCAD43F5-A3FE-4D20-AE3C-42F467924041}.Release|Any CPU.Build.0 = Release|Any CPU
	EndGlobalSection
	GlobalSection(SolutionProperties) = preSolution
		HideSolutionNode = FALSE
	EndGlobalSection
	GlobalSection(ExtensibilityGlobals) = postSolution
		SolutionGuid = {99BF83AE-0AB0-4E06-B208-5E7F5EDADCAB}
	EndGlobalSection
EndGlobal
